<?xml version="1.0" encoding="utf-8"?>
<Project ToolsVersion="4.0" xmlns="http://schemas.microsoft.com/developer/msbuild/2003">
  <ItemGroup>
    <ClCompile Include="C:\KamataEngine\Adapter\Novice.cpp" />
    <ClCompile Include="Clear.cpp" />
    <ClCompile Include="Collision.cpp" />
    <ClCompile Include="Game.cpp" />
    <ClCompile Include="Gimmick.cpp" />
    <ClCompile Include="main.cpp" />
    <ClCompile Include="Map.cpp" />
    <ClCompile Include="Player.cpp" />
    <ClCompile Include="Router.cpp" />
    <ClCompile Include="SceneManager.cpp" />
    <ClCompile Include="ScrollCamera.cpp" />
    <ClCompile Include="Setting.cpp" />
    <ClCompile Include="Title.cpp" />
    <ClCompile Include="Vector2.cpp" />
    <ClCompile Include="GameOver.cpp" />
    <ClCompile Include="AudioManager.cpp" />
  </ItemGroup>
  <ItemGroup>
    <ClInclude Include="..\DirectXGame\3d\Camera.h" />
    <ClInclude Include="C:\KamataEngine\DirectXGame\3d\CircleShadow.h" />
    <ClInclude Include="C:\KamataEngine\DirectXGame\3d\LightGroup.h" />
    <ClInclude Include="C:\KamataEngine\DirectXGame\audio\Audio.h" />
    <ClInclude Include="C:\KamataEngine\DirectXGame\scene\GameScene.h" />
    <ClInclude Include="C:\KamataEngine\Adapter\Novice.h" />
    <ClInclude Include="Clear.h" />
    <ClInclude Include="Collision.h" />
    <ClInclude Include="Command.h" />
    <ClInclude Include="const.h" />
    <ClInclude Include="Game.h" />
    <ClInclude Include="Gimmick.h" />
    <ClInclude Include="json.hpp" />
    <ClInclude Include="Map.h" />
    <ClInclude Include="Player.h" />
    <ClInclude Include="Router.h" />
    <ClInclude Include="SceneManager.h" />
    <ClInclude Include="ScrollCamera.h" />
    <ClInclude Include="Setting.h" />
    <ClInclude Include="Title.h" />
    <ClInclude Include="Vector2.h" />
    <ClInclude Include="GameOver.h" />
    <ClInclude Include="AudioManager.h" />
  </ItemGroup>
  <ItemGroup>
    <Image Include="..\..\..\OneDrive\Desktop\爆弾除去\block.png" />
    <Image Include="..\..\..\OneDrive\Desktop\爆弾除去\halfBlock.png" />
    <Image Include="block.png" />
    <Image Include="halfBlock.png" />
  </ItemGroup>
  <ItemGroup>
    <None Include="..\..\..\OneDrive\Desktop\爆弾除去\imgui.ini" />
    <None Include="imgui.ini" />
    <None Include="mapTest9999.ldtk" />
  </ItemGroup>
</Project>